// !$*UTF8*$!
{
	archiveVersion = 1;
	classes = {
	};
	objectVersion = 70;
	objects = {

/* Begin PBXBuildFile section */
		84171AEE2C921E8800089B06 /* Launch Screen.storyboard in Resources */ = {isa = PBXBuildFile; fileRef = 84171AED2C921E8800089B06 /* Launch Screen.storyboard */; };
		84171AF22C9220E700089B06 /* AdviceView.swift in Sources */ = {isa = PBXBuildFile; fileRef = 84171AF12C9220E700089B06 /* AdviceView.swift */; };
		84171AF42C9221E400089B06 /* UsersView.swift in Sources */ = {isa = PBXBuildFile; fileRef = 84171AF32C9221E400089B06 /* UsersView.swift */; };
		84171AFB2C92269A00089B06 /* UserModel.swift in Sources */ = {isa = PBXBuildFile; fileRef = 84171AFA2C92269A00089B06 /* UserModel.swift */; };
		84171B0A2C92885B00089B06 /* RadioSelectionView.swift in Sources */ = {isa = PBXBuildFile; fileRef = 84171B092C92885B00089B06 /* RadioSelectionView.swift */; };
		84171B0C2C92902800089B06 /* Collection.swift in Sources */ = {isa = PBXBuildFile; fileRef = 84171B0B2C92902800089B06 /* Collection.swift */; };
		8425180A2C98B976002B6CA4 /* HideKeyboardModifier.swift in Sources */ = {isa = PBXBuildFile; fileRef = 842518092C98B976002B6CA4 /* HideKeyboardModifier.swift */; };
		8425180C2C98B99F002B6CA4 /* UIAplication.swift in Sources */ = {isa = PBXBuildFile; fileRef = 8425180B2C98B99F002B6CA4 /* UIAplication.swift */; };
		8425180E2C98C9A4002B6CA4 /* DisableWhenModifier.swift in Sources */ = {isa = PBXBuildFile; fileRef = 8425180D2C98C9A4002B6CA4 /* DisableWhenModifier.swift */; };
		8432B1932C9FA0F7007A7CD0 /* Localizable.xcstrings in Resources */ = {isa = PBXBuildFile; fileRef = 8432B1922C9FA0F7007A7CD0 /* Localizable.xcstrings */; };
		8445BC032C9496DD0079E4AC /* Print.swift in Sources */ = {isa = PBXBuildFile; fileRef = 8445BC022C9496DD0079E4AC /* Print.swift */; };
		8445BC052C94A4C00079E4AC /* String.swift in Sources */ = {isa = PBXBuildFile; fileRef = 8445BC042C94A4C00079E4AC /* String.swift */; };
		846B93D02C9F226000146194 /* NetworkMonitor.swift in Sources */ = {isa = PBXBuildFile; fileRef = 846B93CF2C9F226000146194 /* NetworkMonitor.swift */; };
		846B93F82C9F83E300146194 /* Font.swift in Sources */ = {isa = PBXBuildFile; fileRef = 846B93F72C9F83E300146194 /* Font.swift */; };
		846C9D502C9B3FCD0041ADD5 /* UIImage.swift in Sources */ = {isa = PBXBuildFile; fileRef = 846C9D4F2C9B3FCD0041ADD5 /* UIImage.swift */; };
		846C9D522C9B4D710041ADD5 /* PhotosPickerItem.swift in Sources */ = {isa = PBXBuildFile; fileRef = 846C9D512C9B4D710041ADD5 /* PhotosPickerItem.swift */; };
		846CA0EC2C978B4500692144 /* Int.swift in Sources */ = {isa = PBXBuildFile; fileRef = 846CA0EB2C978B4500692144 /* Int.swift */; };
		846CA0EE2C978F9800692144 /* Optional.swift in Sources */ = {isa = PBXBuildFile; fileRef = 846CA0ED2C978F9800692144 /* Optional.swift */; };
		846CA0F22C98025600692144 /* LoadingModifier.swift in Sources */ = {isa = PBXBuildFile; fileRef = 846CA0F12C98025600692144 /* LoadingModifier.swift */; };
		847E10082C98A454004AA54A /* NetworkManager.swift in Sources */ = {isa = PBXBuildFile; fileRef = 847E10072C98A454004AA54A /* NetworkManager.swift */; };
		847E100B2C98A4B6004AA54A /* NetworkRequest.swift in Sources */ = {isa = PBXBuildFile; fileRef = 847E100A2C98A4B6004AA54A /* NetworkRequest.swift */; };
		847E100D2C98A4E4004AA54A /* NetworkModels.swift in Sources */ = {isa = PBXBuildFile; fileRef = 847E100C2C98A4E4004AA54A /* NetworkModels.swift */; };
		847E100F2C98A591004AA54A /* UserServicesModels.swift in Sources */ = {isa = PBXBuildFile; fileRef = 847E100E2C98A591004AA54A /* UserServicesModels.swift */; };
		847E10132C98A607004AA54A /* UsersViewModel.swift in Sources */ = {isa = PBXBuildFile; fileRef = 847E10122C98A607004AA54A /* UsersViewModel.swift */; };
		84AB9C762C911A1D00CDE749 /* TesttaskApp.swift in Sources */ = {isa = PBXBuildFile; fileRef = 84AB9C752C911A1D00CDE749 /* TesttaskApp.swift */; };
		84AB9C7A2C911A1E00CDE749 /* Assets.xcassets in Resources */ = {isa = PBXBuildFile; fileRef = 84AB9C792C911A1E00CDE749 /* Assets.xcassets */; };
		84AB9C7E2C911A1E00CDE749 /* Preview Assets.xcassets in Resources */ = {isa = PBXBuildFile; fileRef = 84AB9C7D2C911A1E00CDE749 /* Preview Assets.xcassets */; };
		84FFB5562C93F39B0003CB01 /* UsersService.swift in Sources */ = {isa = PBXBuildFile; fileRef = 84FFB5552C93F39B0003CB01 /* UsersService.swift */; };
/* End PBXBuildFile section */

/* Begin PBXFileReference section */
		84171AED2C921E8800089B06 /* Launch Screen.storyboard */ = {isa = PBXFileReference; lastKnownFileType = file.storyboard; path = "Launch Screen.storyboard"; sourceTree = "<group>"; };
		84171AF12C9220E700089B06 /* AdviceView.swift */ = {isa = PBXFileReference; lastKnownFileType = sourcecode.swift; path = AdviceView.swift; sourceTree = "<group>"; };
		84171AF32C9221E400089B06 /* UsersView.swift */ = {isa = PBXFileReference; lastKnownFileType = sourcecode.swift; path = UsersView.swift; sourceTree = "<group>"; };
		84171AFA2C92269A00089B06 /* UserModel.swift */ = {isa = PBXFileReference; lastKnownFileType = sourcecode.swift; path = UserModel.swift; sourceTree = "<group>"; };
		84171B092C92885B00089B06 /* RadioSelectionView.swift */ = {isa = PBXFileReference; lastKnownFileType = sourcecode.swift; path = RadioSelectionView.swift; sourceTree = "<group>"; };
		84171B0B2C92902800089B06 /* Collection.swift */ = {isa = PBXFileReference; lastKnownFileType = sourcecode.swift; path = Collection.swift; sourceTree = "<group>"; };
		842518092C98B976002B6CA4 /* HideKeyboardModifier.swift */ = {isa = PBXFileReference; lastKnownFileType = sourcecode.swift; path = HideKeyboardModifier.swift; sourceTree = "<group>"; };
		8425180B2C98B99F002B6CA4 /* UIAplication.swift */ = {isa = PBXFileReference; lastKnownFileType = sourcecode.swift; path = UIAplication.swift; sourceTree = "<group>"; };
		8425180D2C98C9A4002B6CA4 /* DisableWhenModifier.swift */ = {isa = PBXFileReference; lastKnownFileType = sourcecode.swift; path = DisableWhenModifier.swift; sourceTree = "<group>"; };
		8432B1922C9FA0F7007A7CD0 /* Localizable.xcstrings */ = {isa = PBXFileReference; lastKnownFileType = text.json.xcstrings; path = Localizable.xcstrings; sourceTree = "<group>"; };
		8445BC022C9496DD0079E4AC /* Print.swift */ = {isa = PBXFileReference; lastKnownFileType = sourcecode.swift; path = Print.swift; sourceTree = "<group>"; };
		8445BC042C94A4C00079E4AC /* String.swift */ = {isa = PBXFileReference; lastKnownFileType = sourcecode.swift; path = String.swift; sourceTree = "<group>"; };
		846B93CF2C9F226000146194 /* NetworkMonitor.swift */ = {isa = PBXFileReference; lastKnownFileType = sourcecode.swift; path = NetworkMonitor.swift; sourceTree = "<group>"; };
		846B93F72C9F83E300146194 /* Font.swift */ = {isa = PBXFileReference; lastKnownFileType = sourcecode.swift; path = Font.swift; sourceTree = "<group>"; };
		846C9D4F2C9B3FCD0041ADD5 /* UIImage.swift */ = {isa = PBXFileReference; lastKnownFileType = sourcecode.swift; path = UIImage.swift; sourceTree = "<group>"; };
		846C9D512C9B4D710041ADD5 /* PhotosPickerItem.swift */ = {isa = PBXFileReference; lastKnownFileType = sourcecode.swift; path = PhotosPickerItem.swift; sourceTree = "<group>"; };
		846CA0EB2C978B4500692144 /* Int.swift */ = {isa = PBXFileReference; lastKnownFileType = sourcecode.swift; path = Int.swift; sourceTree = "<group>"; };
		846CA0ED2C978F9800692144 /* Optional.swift */ = {isa = PBXFileReference; lastKnownFileType = sourcecode.swift; path = Optional.swift; sourceTree = "<group>"; };
		846CA0F12C98025600692144 /* LoadingModifier.swift */ = {isa = PBXFileReference; lastKnownFileType = sourcecode.swift; path = LoadingModifier.swift; sourceTree = "<group>"; };
		847E10072C98A454004AA54A /* NetworkManager.swift */ = {isa = PBXFileReference; lastKnownFileType = sourcecode.swift; path = NetworkManager.swift; sourceTree = "<group>"; };
		847E100A2C98A4B6004AA54A /* NetworkRequest.swift */ = {isa = PBXFileReference; lastKnownFileType = sourcecode.swift; path = NetworkRequest.swift; sourceTree = "<group>"; };
		847E100C2C98A4E4004AA54A /* NetworkModels.swift */ = {isa = PBXFileReference; lastKnownFileType = sourcecode.swift; path = NetworkModels.swift; sourceTree = "<group>"; };
		847E100E2C98A591004AA54A /* UserServicesModels.swift */ = {isa = PBXFileReference; lastKnownFileType = sourcecode.swift; path = UserServicesModels.swift; sourceTree = "<group>"; };
		847E10122C98A607004AA54A /* UsersViewModel.swift */ = {isa = PBXFileReference; lastKnownFileType = sourcecode.swift; path = UsersViewModel.swift; sourceTree = "<group>"; };
		849FD54D2C9A8425008D8783 /* Info.plist */ = {isa = PBXFileReference; lastKnownFileType = text.plist; path = Info.plist; sourceTree = "<group>"; };
		84AB9C722C911A1D00CDE749 /* Testtask.app */ = {isa = PBXFileReference; explicitFileType = wrapper.application; includeInIndex = 0; path = Testtask.app; sourceTree = BUILT_PRODUCTS_DIR; };
		84AB9C752C911A1D00CDE749 /* TesttaskApp.swift */ = {isa = PBXFileReference; lastKnownFileType = sourcecode.swift; path = TesttaskApp.swift; sourceTree = "<group>"; };
		84AB9C792C911A1E00CDE749 /* Assets.xcassets */ = {isa = PBXFileReference; lastKnownFileType = folder.assetcatalog; path = Assets.xcassets; sourceTree = "<group>"; };
		84AB9C7B2C911A1E00CDE749 /* Testtask.entitlements */ = {isa = PBXFileReference; lastKnownFileType = text.plist.entitlements; path = Testtask.entitlements; sourceTree = "<group>"; };
		84AB9C7D2C911A1E00CDE749 /* Preview Assets.xcassets */ = {isa = PBXFileReference; lastKnownFileType = folder.assetcatalog; path = "Preview Assets.xcassets"; sourceTree = "<group>"; };
		84FFB5552C93F39B0003CB01 /* UsersService.swift */ = {isa = PBXFileReference; lastKnownFileType = sourcecode.swift; path = UsersService.swift; sourceTree = "<group>"; };
/* End PBXFileReference section */

/* Begin PBXFileSystemSynchronizedRootGroup section */
		8432B18F2C9F966D007A7CD0 /* Button */ = {isa = PBXFileSystemSynchronizedRootGroup; explicitFileTypes = {}; explicitFolders = (); path = Button; sourceTree = "<group>"; };
		8432B1902C9F9678007A7CD0 /* TextField */ = {isa = PBXFileSystemSynchronizedRootGroup; explicitFileTypes = {}; explicitFolders = (); path = TextField; sourceTree = "<group>"; };
		8432B1942C9FAEB8007A7CD0 /* Representables */ = {isa = PBXFileSystemSynchronizedRootGroup; explicitFileTypes = {}; explicitFolders = (); path = Representables; sourceTree = "<group>"; };
		8432B1982C9FB193007A7CD0 /* CacheManager */ = {isa = PBXFileSystemSynchronizedRootGroup; explicitFileTypes = {}; explicitFolders = (); path = CacheManager; sourceTree = "<group>"; };
		846B93D12C9F6A0900146194 /* Main */ = {isa = PBXFileSystemSynchronizedRootGroup; explicitFileTypes = {}; explicitFolders = (); path = Main; sourceTree = "<group>"; };
		846B93D42C9F82B200146194 /* Resources */ = {isa = PBXFileSystemSynchronizedRootGroup; explicitFileTypes = {}; explicitFolders = (); path = Resources; sourceTree = "<group>"; };
		849FD5482C9A82D8008D8783 /* SignUp */ = {isa = PBXFileSystemSynchronizedRootGroup; explicitFileTypes = {}; explicitFolders = (); path = SignUp; sourceTree = "<group>"; };
/* End PBXFileSystemSynchronizedRootGroup section */

/* Begin PBXFrameworksBuildPhase section */
		84AB9C6F2C911A1D00CDE749 /* Frameworks */ = {
			isa = PBXFrameworksBuildPhase;
			buildActionMask = 2147483647;
			files = (
			);
			runOnlyForDeploymentPostprocessing = 0;
		};
/* End PBXFrameworksBuildPhase section */

/* Begin PBXGroup section */
		84171AF72C92268000089B06 /* Domain */ = {
			isa = PBXGroup;
			children = (
				84171AF92C92268B00089B06 /* Models */,
				84171AF82C92268400089B06 /* NetworkModels */,
			);
			path = Domain;
			sourceTree = "<group>";
		};
		84171AF82C92268400089B06 /* NetworkModels */ = {
			isa = PBXGroup;
			children = (
				8445BC072C94A92E0079E4AC /* Response */,
				8445BC062C94A9290079E4AC /* Request */,
			);
			path = NetworkModels;
			sourceTree = "<group>";
		};
		84171AF92C92268B00089B06 /* Models */ = {
			isa = PBXGroup;
			children = (
				84171AFA2C92269A00089B06 /* UserModel.swift */,
			);
			path = Models;
			sourceTree = "<group>";
		};
		84171AFC2C9240EC00089B06 /* Usable */ = {
			isa = PBXGroup;
			children = (
				8432B1942C9FAEB8007A7CD0 /* Representables */,
				846B93D42C9F82B200146194 /* Resources */,
				846CA0F02C98024100692144 /* Modifiers */,
				846CA0EF2C97BCA400692144 /* Managers */,
				84171B052C92445900089B06 /* ReusableViews */,
				84171B002C92421500089B06 /* Styles */,
				84171AFD2C9240F400089B06 /* Extensions */,
				8445BC012C9496BC0079E4AC /* Utils */,
			);
			path = Usable;
			sourceTree = "<group>";
		};
		84171AFD2C9240F400089B06 /* Extensions */ = {
			isa = PBXGroup;
			children = (
				84171B0B2C92902800089B06 /* Collection.swift */,
				8445BC042C94A4C00079E4AC /* String.swift */,
				846CA0EB2C978B4500692144 /* Int.swift */,
				846CA0ED2C978F9800692144 /* Optional.swift */,
				8425180B2C98B99F002B6CA4 /* UIAplication.swift */,
				846C9D4F2C9B3FCD0041ADD5 /* UIImage.swift */,
				846C9D512C9B4D710041ADD5 /* PhotosPickerItem.swift */,
				846B93F72C9F83E300146194 /* Font.swift */,
			);
			path = Extensions;
			sourceTree = "<group>";
		};
		84171B002C92421500089B06 /* Styles */ = {
			isa = PBXGroup;
			children = (
				8432B1902C9F9678007A7CD0 /* TextField */,
				8432B18F2C9F966D007A7CD0 /* Button */,
			);
			path = Styles;
			sourceTree = "<group>";
		};
		84171B052C92445900089B06 /* ReusableViews */ = {
			isa = PBXGroup;
			children = (
				84171AF12C9220E700089B06 /* AdviceView.swift */,
				84171B092C92885B00089B06 /* RadioSelectionView.swift */,
			);
			path = ReusableViews;
			sourceTree = "<group>";
		};
		8445BC012C9496BC0079E4AC /* Utils */ = {
			isa = PBXGroup;
			children = (
				8445BC022C9496DD0079E4AC /* Print.swift */,
			);
			path = Utils;
			sourceTree = "<group>";
		};
		8445BC062C94A9290079E4AC /* Request */ = {
			isa = PBXGroup;
			children = (
			);
			path = Request;
			sourceTree = "<group>";
		};
		8445BC072C94A92E0079E4AC /* Response */ = {
			isa = PBXGroup;
			children = (
				847E100E2C98A591004AA54A /* UserServicesModels.swift */,
			);
			path = Response;
			sourceTree = "<group>";
		};
		846CA0EF2C97BCA400692144 /* Managers */ = {
			isa = PBXGroup;
			children = (
				8432B1982C9FB193007A7CD0 /* CacheManager */,
				847E10092C98A4A4004AA54A /* NetworkManager */,
			);
			path = Managers;
			sourceTree = "<group>";
		};
		846CA0F02C98024100692144 /* Modifiers */ = {
			isa = PBXGroup;
			children = (
				846CA0F12C98025600692144 /* LoadingModifier.swift */,
				842518092C98B976002B6CA4 /* HideKeyboardModifier.swift */,
				8425180D2C98C9A4002B6CA4 /* DisableWhenModifier.swift */,
			);
			path = Modifiers;
			sourceTree = "<group>";
		};
		847E10092C98A4A4004AA54A /* NetworkManager */ = {
			isa = PBXGroup;
			children = (
				847E10072C98A454004AA54A /* NetworkManager.swift */,
				847E100A2C98A4B6004AA54A /* NetworkRequest.swift */,
				847E100C2C98A4E4004AA54A /* NetworkModels.swift */,
				846B93CF2C9F226000146194 /* NetworkMonitor.swift */,
			);
			path = NetworkManager;
			sourceTree = "<group>";
		};
		847E10102C98A5F3004AA54A /* Users */ = {
			isa = PBXGroup;
			children = (
				84171AF32C9221E400089B06 /* UsersView.swift */,
				847E10122C98A607004AA54A /* UsersViewModel.swift */,
			);
			path = Users;
			sourceTree = "<group>";
		};
		84AB9C692C911A1D00CDE749 = {
			isa = PBXGroup;
			children = (
				84AB9C742C911A1D00CDE749 /* Testtask */,
				84AB9C732C911A1D00CDE749 /* Products */,
			);
			sourceTree = "<group>";
		};
		84AB9C732C911A1D00CDE749 /* Products */ = {
			isa = PBXGroup;
			children = (
				84AB9C722C911A1D00CDE749 /* Testtask.app */,
			);
			name = Products;
			sourceTree = "<group>";
		};
		84AB9C742C911A1D00CDE749 /* Testtask */ = {
			isa = PBXGroup;
			children = (
				849FD54D2C9A8425008D8783 /* Info.plist */,
				84AB9C852C911A4100CDE749 /* Main */,
				84171AFC2C9240EC00089B06 /* Usable */,
				84171AF72C92268000089B06 /* Domain */,
				84FFB5532C93F36E0003CB01 /* Services */,
				84AB9C842C911A3000CDE749 /* Presentation */,
				84AB9C792C911A1E00CDE749 /* Assets.xcassets */,
				84AB9C7C2C911A1E00CDE749 /* Preview Content */,
				8432B1922C9FA0F7007A7CD0 /* Localizable.xcstrings */,
			);
			path = Testtask;
			sourceTree = "<group>";
		};
		84AB9C7C2C911A1E00CDE749 /* Preview Content */ = {
			isa = PBXGroup;
			children = (
				84AB9C7D2C911A1E00CDE749 /* Preview Assets.xcassets */,
			);
			path = "Preview Content";
			sourceTree = "<group>";
		};
		84AB9C842C911A3000CDE749 /* Presentation */ = {
			isa = PBXGroup;
			children = (
				846B93D12C9F6A0900146194 /* Main */,
				847E10102C98A5F3004AA54A /* Users */,
				849FD5482C9A82D8008D8783 /* SignUp */,
			);
			path = Presentation;
			sourceTree = "<group>";
		};
		84AB9C852C911A4100CDE749 /* Main */ = {
			isa = PBXGroup;
			children = (
				84AB9C7B2C911A1E00CDE749 /* Testtask.entitlements */,
				84AB9C752C911A1D00CDE749 /* TesttaskApp.swift */,
				84171AED2C921E8800089B06 /* Launch Screen.storyboard */,
			);
			path = Main;
			sourceTree = "<group>";
		};
		84FFB5532C93F36E0003CB01 /* Services */ = {
			isa = PBXGroup;
			children = (
				84FFB5542C93F37A0003CB01 /* Network */,
			);
			path = Services;
			sourceTree = "<group>";
		};
		84FFB5542C93F37A0003CB01 /* Network */ = {
			isa = PBXGroup;
			children = (
				84FFB5552C93F39B0003CB01 /* UsersService.swift */,
			);
			path = Network;
			sourceTree = "<group>";
		};
/* End PBXGroup section */

/* Begin PBXNativeTarget section */
		84AB9C712C911A1D00CDE749 /* Testtask */ = {
			isa = PBXNativeTarget;
			buildConfigurationList = 84AB9C812C911A1E00CDE749 /* Build configuration list for PBXNativeTarget "Testtask" */;
			buildPhases = (
				84AB9C6E2C911A1D00CDE749 /* Sources */,
				84AB9C6F2C911A1D00CDE749 /* Frameworks */,
				84AB9C702C911A1D00CDE749 /* Resources */,
			);
			buildRules = (
			);
			dependencies = (
			);
			fileSystemSynchronizedGroups = (
				8432B18F2C9F966D007A7CD0 /* Button */,
				8432B1902C9F9678007A7CD0 /* TextField */,
				8432B1942C9FAEB8007A7CD0 /* Representables */,
				8432B1982C9FB193007A7CD0 /* CacheManager */,
				846B93D12C9F6A0900146194 /* Main */,
				846B93D42C9F82B200146194 /* Resources */,
				849FD5482C9A82D8008D8783 /* SignUp */,
			);
			name = Testtask;
			productName = Testtask;
			productReference = 84AB9C722C911A1D00CDE749 /* Testtask.app */;
			productType = "com.apple.product-type.application";
		};
/* End PBXNativeTarget section */

/* Begin PBXProject section */
		84AB9C6A2C911A1D00CDE749 /* Project object */ = {
			isa = PBXProject;
			attributes = {
				BuildIndependentTargetsInParallel = 1;
				LastSwiftUpdateCheck = 1540;
				LastUpgradeCheck = 1540;
				TargetAttributes = {
					84AB9C712C911A1D00CDE749 = {
						CreatedOnToolsVersion = 15.4;
					};
				};
			};
			buildConfigurationList = 84AB9C6D2C911A1D00CDE749 /* Build configuration list for PBXProject "Testtask" */;
			compatibilityVersion = "Xcode 14.0";
			developmentRegion = en;
			hasScannedForEncodings = 0;
			knownRegions = (
				en,
				Base,
			);
			mainGroup = 84AB9C692C911A1D00CDE749;
			productRefGroup = 84AB9C732C911A1D00CDE749 /* Products */;
			projectDirPath = "";
			projectRoot = "";
			targets = (
				84AB9C712C911A1D00CDE749 /* Testtask */,
			);
		};
/* End PBXProject section */

/* Begin PBXResourcesBuildPhase section */
		84AB9C702C911A1D00CDE749 /* Resources */ = {
			isa = PBXResourcesBuildPhase;
			buildActionMask = 2147483647;
			files = (
				84171AEE2C921E8800089B06 /* Launch Screen.storyboard in Resources */,
				84AB9C7E2C911A1E00CDE749 /* Preview Assets.xcassets in Resources */,
				8432B1932C9FA0F7007A7CD0 /* Localizable.xcstrings in Resources */,
				84AB9C7A2C911A1E00CDE749 /* Assets.xcassets in Resources */,
			);
			runOnlyForDeploymentPostprocessing = 0;
		};
/* End PBXResourcesBuildPhase section */

/* Begin PBXSourcesBuildPhase section */
		84AB9C6E2C911A1D00CDE749 /* Sources */ = {
			isa = PBXSourcesBuildPhase;
			buildActionMask = 2147483647;
			files = (
				847E10082C98A454004AA54A /* NetworkManager.swift in Sources */,
				84FFB5562C93F39B0003CB01 /* UsersService.swift in Sources */,
				846B93F82C9F83E300146194 /* Font.swift in Sources */,
				846CA0F22C98025600692144 /* LoadingModifier.swift in Sources */,
				84171AF42C9221E400089B06 /* UsersView.swift in Sources */,
				84171B0C2C92902800089B06 /* Collection.swift in Sources */,
				846C9D502C9B3FCD0041ADD5 /* UIImage.swift in Sources */,
				84171B0A2C92885B00089B06 /* RadioSelectionView.swift in Sources */,
				84171AFB2C92269A00089B06 /* UserModel.swift in Sources */,
				846CA0EE2C978F9800692144 /* Optional.swift in Sources */,
				847E100D2C98A4E4004AA54A /* NetworkModels.swift in Sources */,
				846C9D522C9B4D710041ADD5 /* PhotosPickerItem.swift in Sources */,
				8425180A2C98B976002B6CA4 /* HideKeyboardModifier.swift in Sources */,
				846B93D02C9F226000146194 /* NetworkMonitor.swift in Sources */,
				8425180E2C98C9A4002B6CA4 /* DisableWhenModifier.swift in Sources */,
				847E10132C98A607004AA54A /* UsersViewModel.swift in Sources */,
				8445BC032C9496DD0079E4AC /* Print.swift in Sources */,
				8425180C2C98B99F002B6CA4 /* UIAplication.swift in Sources */,
				847E100B2C98A4B6004AA54A /* NetworkRequest.swift in Sources */,
				847E100F2C98A591004AA54A /* UserServicesModels.swift in Sources */,
				84171AF22C9220E700089B06 /* AdviceView.swift in Sources */,
				8445BC052C94A4C00079E4AC /* String.swift in Sources */,
				84AB9C762C911A1D00CDE749 /* TesttaskApp.swift in Sources */,
				846CA0EC2C978B4500692144 /* Int.swift in Sources */,
			);
			runOnlyForDeploymentPostprocessing = 0;
		};
/* End PBXSourcesBuildPhase section */

/* Begin XCBuildConfiguration section */
		84AB9C7F2C911A1E00CDE749 /* Debug */ = {
			isa = XCBuildConfiguration;
			buildSettings = {
				ALWAYS_SEARCH_USER_PATHS = NO;
				ASSETCATALOG_COMPILER_GENERATE_SWIFT_ASSET_SYMBOL_EXTENSIONS = YES;
				CLANG_ANALYZER_NONNULL = YES;
				CLANG_ANALYZER_NUMBER_OBJECT_CONVERSION = YES_AGGRESSIVE;
				CLANG_CXX_LANGUAGE_STANDARD = "gnu++20";
				CLANG_ENABLE_MODULES = YES;
				CLANG_ENABLE_OBJC_ARC = YES;
				CLANG_ENABLE_OBJC_WEAK = YES;
				CLANG_WARN_BLOCK_CAPTURE_AUTORELEASING = YES;
				CLANG_WARN_BOOL_CONVERSION = YES;
				CLANG_WARN_COMMA = YES;
				CLANG_WARN_CONSTANT_CONVERSION = YES;
				CLANG_WARN_DEPRECATED_OBJC_IMPLEMENTATIONS = YES;
				CLANG_WARN_DIRECT_OBJC_ISA_USAGE = YES_ERROR;
				CLANG_WARN_DOCUMENTATION_COMMENTS = YES;
				CLANG_WARN_EMPTY_BODY = YES;
				CLANG_WARN_ENUM_CONVERSION = YES;
				CLANG_WARN_INFINITE_RECURSION = YES;
				CLANG_WARN_INT_CONVERSION = YES;
				CLANG_WARN_NON_LITERAL_NULL_CONVERSION = YES;
				CLANG_WARN_OBJC_IMPLICIT_RETAIN_SELF = YES;
				CLANG_WARN_OBJC_LITERAL_CONVERSION = YES;
				CLANG_WARN_OBJC_ROOT_CLASS = YES_ERROR;
				CLANG_WARN_QUOTED_INCLUDE_IN_FRAMEWORK_HEADER = YES;
				CLANG_WARN_RANGE_LOOP_ANALYSIS = YES;
				CLANG_WARN_STRICT_PROTOTYPES = YES;
				CLANG_WARN_SUSPICIOUS_MOVE = YES;
				CLANG_WARN_UNGUARDED_AVAILABILITY = YES_AGGRESSIVE;
				CLANG_WARN_UNREACHABLE_CODE = YES;
				CLANG_WARN__DUPLICATE_METHOD_MATCH = YES;
				COPY_PHASE_STRIP = NO;
				DEBUG_INFORMATION_FORMAT = dwarf;
				ENABLE_STRICT_OBJC_MSGSEND = YES;
				ENABLE_TESTABILITY = YES;
				ENABLE_USER_SCRIPT_SANDBOXING = YES;
				GCC_C_LANGUAGE_STANDARD = gnu17;
				GCC_DYNAMIC_NO_PIC = NO;
				GCC_NO_COMMON_BLOCKS = YES;
				GCC_OPTIMIZATION_LEVEL = 0;
				GCC_PREPROCESSOR_DEFINITIONS = (
					"DEBUG=1",
					"$(inherited)",
				);
				GCC_WARN_64_TO_32_BIT_CONVERSION = YES;
				GCC_WARN_ABOUT_RETURN_TYPE = YES_ERROR;
				GCC_WARN_UNDECLARED_SELECTOR = YES;
				GCC_WARN_UNINITIALIZED_AUTOS = YES_AGGRESSIVE;
				GCC_WARN_UNUSED_FUNCTION = YES;
				GCC_WARN_UNUSED_VARIABLE = YES;
				LOCALIZATION_PREFERS_STRING_CATALOGS = YES;
				MTL_ENABLE_DEBUG_INFO = INCLUDE_SOURCE;
				MTL_FAST_MATH = YES;
				ONLY_ACTIVE_ARCH = YES;
				SWIFT_ACTIVE_COMPILATION_CONDITIONS = "DEBUG $(inherited)";
				SWIFT_EMIT_LOC_STRINGS = YES;
				SWIFT_OPTIMIZATION_LEVEL = "-Onone";
			};
			name = Debug;
		};
		84AB9C802C911A1E00CDE749 /* Release */ = {
			isa = XCBuildConfiguration;
			buildSettings = {
				ALWAYS_SEARCH_USER_PATHS = NO;
				ASSETCATALOG_COMPILER_GENERATE_SWIFT_ASSET_SYMBOL_EXTENSIONS = YES;
				CLANG_ANALYZER_NONNULL = YES;
				CLANG_ANALYZER_NUMBER_OBJECT_CONVERSION = YES_AGGRESSIVE;
				CLANG_CXX_LANGUAGE_STANDARD = "gnu++20";
				CLANG_ENABLE_MODULES = YES;
				CLANG_ENABLE_OBJC_ARC = YES;
				CLANG_ENABLE_OBJC_WEAK = YES;
				CLANG_WARN_BLOCK_CAPTURE_AUTORELEASING = YES;
				CLANG_WARN_BOOL_CONVERSION = YES;
				CLANG_WARN_COMMA = YES;
				CLANG_WARN_CONSTANT_CONVERSION = YES;
				CLANG_WARN_DEPRECATED_OBJC_IMPLEMENTATIONS = YES;
				CLANG_WARN_DIRECT_OBJC_ISA_USAGE = YES_ERROR;
				CLANG_WARN_DOCUMENTATION_COMMENTS = YES;
				CLANG_WARN_EMPTY_BODY = YES;
				CLANG_WARN_ENUM_CONVERSION = YES;
				CLANG_WARN_INFINITE_RECURSION = YES;
				CLANG_WARN_INT_CONVERSION = YES;
				CLANG_WARN_NON_LITERAL_NULL_CONVERSION = YES;
				CLANG_WARN_OBJC_IMPLICIT_RETAIN_SELF = YES;
				CLANG_WARN_OBJC_LITERAL_CONVERSION = YES;
				CLANG_WARN_OBJC_ROOT_CLASS = YES_ERROR;
				CLANG_WARN_QUOTED_INCLUDE_IN_FRAMEWORK_HEADER = YES;
				CLANG_WARN_RANGE_LOOP_ANALYSIS = YES;
				CLANG_WARN_STRICT_PROTOTYPES = YES;
				CLANG_WARN_SUSPICIOUS_MOVE = YES;
				CLANG_WARN_UNGUARDED_AVAILABILITY = YES_AGGRESSIVE;
				CLANG_WARN_UNREACHABLE_CODE = YES;
				CLANG_WARN__DUPLICATE_METHOD_MATCH = YES;
				COPY_PHASE_STRIP = NO;
				DEBUG_INFORMATION_FORMAT = "dwarf-with-dsym";
				ENABLE_NS_ASSERTIONS = NO;
				ENABLE_STRICT_OBJC_MSGSEND = YES;
				ENABLE_USER_SCRIPT_SANDBOXING = YES;
				GCC_C_LANGUAGE_STANDARD = gnu17;
				GCC_NO_COMMON_BLOCKS = YES;
				GCC_WARN_64_TO_32_BIT_CONVERSION = YES;
				GCC_WARN_ABOUT_RETURN_TYPE = YES_ERROR;
				GCC_WARN_UNDECLARED_SELECTOR = YES;
				GCC_WARN_UNINITIALIZED_AUTOS = YES_AGGRESSIVE;
				GCC_WARN_UNUSED_FUNCTION = YES;
				GCC_WARN_UNUSED_VARIABLE = YES;
				LOCALIZATION_PREFERS_STRING_CATALOGS = YES;
				MTL_ENABLE_DEBUG_INFO = NO;
				MTL_FAST_MATH = YES;
				SWIFT_COMPILATION_MODE = wholemodule;
				SWIFT_EMIT_LOC_STRINGS = YES;
			};
			name = Release;
		};
		84AB9C822C911A1E00CDE749 /* Debug */ = {
			isa = XCBuildConfiguration;
			buildSettings = {
				ASSETCATALOG_COMPILER_APPICON_NAME = AppIcon;
				ASSETCATALOG_COMPILER_GLOBAL_ACCENT_COLOR_NAME = AccentColor;
				CODE_SIGN_ENTITLEMENTS = Testtask/Main/Testtask.entitlements;
				CODE_SIGN_STYLE = Automatic;
				CURRENT_PROJECT_VERSION = 1;
				DEVELOPMENT_ASSET_PATHS = "\"Testtask/Preview Content\"";
				DEVELOPMENT_TEAM = QPWUJCX8L6;
				ENABLE_HARDENED_RUNTIME = YES;
				ENABLE_PREVIEWS = YES;
				GENERATE_INFOPLIST_FILE = YES;
				INFOPLIST_FILE = Testtask/Info.plist;
				"INFOPLIST_KEY_UIApplicationSceneManifest_Generation[sdk=iphoneos*]" = YES;
				"INFOPLIST_KEY_UIApplicationSceneManifest_Generation[sdk=iphonesimulator*]" = YES;
				"INFOPLIST_KEY_UIApplicationSupportsIndirectInputEvents[sdk=iphoneos*]" = YES;
				"INFOPLIST_KEY_UIApplicationSupportsIndirectInputEvents[sdk=iphonesimulator*]" = YES;
				"INFOPLIST_KEY_UILaunchScreen_Generation[sdk=iphoneos*]" = YES;
				"INFOPLIST_KEY_UILaunchScreen_Generation[sdk=iphonesimulator*]" = YES;
				"INFOPLIST_KEY_UIStatusBarStyle[sdk=iphoneos*]" = UIStatusBarStyleDefault;
				"INFOPLIST_KEY_UIStatusBarStyle[sdk=iphonesimulator*]" = UIStatusBarStyleDefault;
				INFOPLIST_KEY_UISupportedInterfaceOrientations = "UIInterfaceOrientationPortrait UIInterfaceOrientationPortraitUpsideDown";
				INFOPLIST_KEY_UISupportedInterfaceOrientations_iPad = "UIInterfaceOrientationLandscapeLeft UIInterfaceOrientationLandscapeRight UIInterfaceOrientationPortrait UIInterfaceOrientationPortraitUpsideDown";
				IPHONEOS_DEPLOYMENT_TARGET = 17.5;
				LD_RUNPATH_SEARCH_PATHS = "@executable_path/Frameworks";
				"LD_RUNPATH_SEARCH_PATHS[sdk=macosx*]" = "@executable_path/../Frameworks";
				MACOSX_DEPLOYMENT_TARGET = 14.5;
				MARKETING_VERSION = 1.0;
				PRODUCT_BUNDLE_IDENTIFIER = yepiyepi.Testtask;
				PRODUCT_NAME = "$(TARGET_NAME)";
				SDKROOT = auto;
				SUPPORTED_PLATFORMS = "iphoneos iphonesimulator";
				SUPPORTS_MACCATALYST = NO;
				SWIFT_EMIT_LOC_STRINGS = YES;
				SWIFT_STRICT_CONCURRENCY = complete;
				SWIFT_VERSION = 5.0;
				TARGETED_DEVICE_FAMILY = "1,2";
			};
			name = Debug;
		};
		84AB9C832C911A1E00CDE749 /* Release */ = {
			isa = XCBuildConfiguration;
			buildSettings = {
				ASSETCATALOG_COMPILER_APPICON_NAME = AppIcon;
				ASSETCATALOG_COMPILER_GLOBAL_ACCENT_COLOR_NAME = AccentColor;
				CODE_SIGN_ENTITLEMENTS = Testtask/Main/Testtask.entitlements;
				CODE_SIGN_STYLE = Automatic;
				CURRENT_PROJECT_VERSION = 1;
				DEVELOPMENT_ASSET_PATHS = "\"Testtask/Preview Content\"";
				DEVELOPMENT_TEAM = QPWUJCX8L6;
				ENABLE_HARDENED_RUNTIME = YES;
				ENABLE_PREVIEWS = YES;
				GENERATE_INFOPLIST_FILE = YES;
				INFOPLIST_FILE = Testtask/Info.plist;
				"INFOPLIST_KEY_UIApplicationSceneManifest_Generation[sdk=iphoneos*]" = YES;
				"INFOPLIST_KEY_UIApplicationSceneManifest_Generation[sdk=iphonesimulator*]" = YES;
				"INFOPLIST_KEY_UIApplicationSupportsIndirectInputEvents[sdk=iphoneos*]" = YES;
				"INFOPLIST_KEY_UIApplicationSupportsIndirectInputEvents[sdk=iphonesimulator*]" = YES;
				"INFOPLIST_KEY_UILaunchScreen_Generation[sdk=iphoneos*]" = YES;
				"INFOPLIST_KEY_UILaunchScreen_Generation[sdk=iphonesimulator*]" = YES;
				"INFOPLIST_KEY_UIStatusBarStyle[sdk=iphoneos*]" = UIStatusBarStyleDefault;
				"INFOPLIST_KEY_UIStatusBarStyle[sdk=iphonesimulator*]" = UIStatusBarStyleDefault;
				INFOPLIST_KEY_UISupportedInterfaceOrientations = "UIInterfaceOrientationPortrait UIInterfaceOrientationPortraitUpsideDown";
				INFOPLIST_KEY_UISupportedInterfaceOrientations_iPad = "UIInterfaceOrientationLandscapeLeft UIInterfaceOrientationLandscapeRight UIInterfaceOrientationPortrait UIInterfaceOrientationPortraitUpsideDown";
				IPHONEOS_DEPLOYMENT_TARGET = 17.5;
				LD_RUNPATH_SEARCH_PATHS = "@executable_path/Frameworks";
				"LD_RUNPATH_SEARCH_PATHS[sdk=macosx*]" = "@executable_path/../Frameworks";
				MACOSX_DEPLOYMENT_TARGET = 14.5;
				MARKETING_VERSION = 1.0;
				PRODUCT_BUNDLE_IDENTIFIER = yepiyepi.Testtask;
				PRODUCT_NAME = "$(TARGET_NAME)";
				SDKROOT = auto;
				SUPPORTED_PLATFORMS = "iphoneos iphonesimulator";
				SUPPORTS_MACCATALYST = NO;
				SWIFT_EMIT_LOC_STRINGS = YES;
				SWIFT_STRICT_CONCURRENCY = complete;
				SWIFT_VERSION = 5.0;
				TARGETED_DEVICE_FAMILY = "1,2";
			};
			name = Release;
		};
/* End XCBuildConfiguration section */

/* Begin XCConfigurationList section */
		84AB9C6D2C911A1D00CDE749 /* Build configuration list for PBXProject "Testtask" */ = {
			isa = XCConfigurationList;
			buildConfigurations = (
				84AB9C7F2C911A1E00CDE749 /* Debug */,
				84AB9C802C911A1E00CDE749 /* Release */,
			);
			defaultConfigurationIsVisible = 0;
			defaultConfigurationName = Release;
		};
		84AB9C812C911A1E00CDE749 /* Build configuration list for PBXNativeTarget "Testtask" */ = {
			isa = XCConfigurationList;
			buildConfigurations = (
				84AB9C822C911A1E00CDE749 /* Debug */,
				84AB9C832C911A1E00CDE749 /* Release */,
			);
			defaultConfigurationIsVisible = 0;
			defaultConfigurationName = Release;
		};
/* End XCConfigurationList section */
	};
	rootObject = 84AB9C6A2C911A1D00CDE749 /* Project object */;
}
